// !$*UTF8*$!
{
	archiveVersion = 1;
	classes = {
	};
	objectVersion = 77;
	objects = {

/* Begin PBXBuildFile section */
		B51551D02F87D0DB005CC1D3 /* WidgetKit.framework in Frameworks */ = {isa = PBXBuildFile; fileRef = B51551CF2F87D0DB005CC1D3 /* WidgetKit.framework */; };
		B51551D22F87D0DB005CC1D3 /* SwiftUI.framework in Frameworks */ = {isa = PBXBuildFile; fileRef = B51551D12F87D0DB005CC1D3 /* SwiftUI.framework */; };
		B51551DF2F87D0DD005CC1D3 /* CoveWidgetExtension.appex in Embed Foundation Extensions */ = {isa = PBXBuildFile; fileRef = B51551CD2F87D0DB005CC1D3 /* CoveWidgetExtension.appex */; settings = {ATTRIBUTES = (RemoveHeadersOnCopy, ); }; };
		B51551F02F87E000005CC1D3 /* AppIntents.framework in Frameworks */ = {isa = PBXBuildFile; fileRef = B51551EF2F87E000005CC1D3 /* AppIntents.framework */; };
		B51553F12F87EE3C005CC1D3 /* AppGroup in Frameworks */ = {isa = PBXBuildFile; productRef = B51553F02F87EE3C005CC1D3 /* AppGroup */; };
		B51553F32F87EE43005CC1D3 /* AppGroup in Frameworks */ = {isa = PBXBuildFile; productRef = B51553F22F87EE43005CC1D3 /* AppGroup */; };
		B51553F52F87EE7C005CC1D3 /* JellyfinAPI in Frameworks */ = {isa = PBXBuildFile; productRef = B51553F42F87EE7C005CC1D3 /* JellyfinAPI */; };
		B54F33112F8BD1B000AE95DA /* OpenSubtitlesAPI in Frameworks */ = {isa = PBXBuildFile; productRef = B54F33102F8BD1B000AE95DA /* OpenSubtitlesAPI */; };
		B56230832F88C06C00335A25 /* DataLoading in Frameworks */ = {isa = PBXBuildFile; productRef = B56230822F88C06C00335A25 /* DataLoading */; };
		B562FA252F98FACE002A6ACC /* Defaults in Frameworks */ = {isa = PBXBuildFile; productRef = B562FA242F98FACE002A6ACC /* Defaults */; };
		C0000001AAAAAAAAAAAA0001 /* Models in Frameworks */ = {isa = PBXBuildFile; productRef = C0000002AAAAAAAAAAAA0001 /* Models */; };
		C0000001AAAAAAAAAAAA0002 /* MediaServerKit in Frameworks */ = {isa = PBXBuildFile; productRef = C0000002AAAAAAAAAAAA0002 /* MediaServerKit */; };
		C0000001AAAAAAAAAAAA0003 /* JellyfinAPI in Frameworks */ = {isa = PBXBuildFile; productRef = C0000002AAAAAAAAAAAA0003 /* JellyfinAPI */; };
		C0000001AAAAAAAAAAAA0004 /* JellyfinProvider in Frameworks */ = {isa = PBXBuildFile; productRef = C0000002AAAAAAAAAAAA0004 /* JellyfinProvider */; };
		C0000001AAAAAAAAAAAA0005 /* PlaybackEngine in Frameworks */ = {isa = PBXBuildFile; productRef = C0000002AAAAAAAAAAAA0005 /* PlaybackEngine */; };
		C0000001AAAAAAAAAAAA0006 /* DownloadManager in Frameworks */ = {isa = PBXBuildFile; productRef = C0000002AAAAAAAAAAAA0006 /* DownloadManager */; };
		C0000001AAAAAAAAAAAA0007 /* Persistence in Frameworks */ = {isa = PBXBuildFile; productRef = C0000002AAAAAAAAAAAA0007 /* Persistence */; };
		C0000001AAAAAAAAAAAA0008 /* Networking in Frameworks */ = {isa = PBXBuildFile; productRef = C0000002AAAAAAAAAAAA0008 /* Networking */; };
		C0000001AAAAAAAAAAAA0009 /* ImageService in Frameworks */ = {isa = PBXBuildFile; productRef = C0000002AAAAAAAAAAAA0009 /* ImageService */; };
		C0000001AAAAAAAAAAAA000A /* CoveUI in Frameworks */ = {isa = PBXBuildFile; productRef = C0000002AAAAAAAAAAAA000A /* CoveUI */; };
/* End PBXBuildFile section */

/* Begin PBXContainerItemProxy section */
		B51551DD2F87D0DD005CC1D3 /* PBXContainerItemProxy */ = {
			isa = PBXContainerItemProxy;
			containerPortal = B53D7B972F823DC20023368C /* Project object */;
			proxyType = 1;
			remoteGlobalIDString = B51551CC2F87D0DB005CC1D3;
			remoteInfo = CoveWidgetExtension;
		};
/* End PBXContainerItemProxy section */

/* Begin PBXCopyFilesBuildPhase section */
		B51551E42F87D0DD005CC1D3 /* Embed Foundation Extensions */ = {
			isa = PBXCopyFilesBuildPhase;
			buildActionMask = 2147483647;
			dstPath = "";
			dstSubfolderSpec = 13;
			files = (
				B51551DF2F87D0DD005CC1D3 /* CoveWidgetExtension.appex in Embed Foundation Extensions */,
			);
			name = "Embed Foundation Extensions";
			runOnlyForDeploymentPostprocessing = 0;
		};
/* End PBXCopyFilesBuildPhase section */

/* Begin PBXFileReference section */
		B51551CD2F87D0DB005CC1D3 /* CoveWidgetExtension.appex */ = {isa = PBXFileReference; explicitFileType = "wrapper.app-extension"; includeInIndex = 0; path = CoveWidgetExtension.appex; sourceTree = BUILT_PRODUCTS_DIR; };
		B51551CF2F87D0DB005CC1D3 /* WidgetKit.framework */ = {isa = PBXFileReference; lastKnownFileType = wrapper.framework; name = WidgetKit.framework; path = /System/Library/Frameworks/WidgetKit.framework; sourceTree = "<absolute>"; };
		B51551D12F87D0DB005CC1D3 /* SwiftUI.framework */ = {isa = PBXFileReference; lastKnownFileType = wrapper.framework; name = SwiftUI.framework; path = /System/Library/Frameworks/SwiftUI.framework; sourceTree = "<absolute>"; };
		B51551ED2F87D30F005CC1D3 /* CoveWidgetExtension.entitlements */ = {isa = PBXFileReference; lastKnownFileType = text.plist.entitlements; path = CoveWidgetExtension.entitlements; sourceTree = "<group>"; };
		B51551EF2F87E000005CC1D3 /* AppIntents.framework */ = {isa = PBXFileReference; lastKnownFileType = wrapper.framework; name = AppIntents.framework; path = /System/Library/Frameworks/AppIntents.framework; sourceTree = "<absolute>"; };
		B53D7B9F2F823DC20023368C /* Cove.app */ = {isa = PBXFileReference; explicitFileType = wrapper.application; includeInIndex = 0; path = Cove.app; sourceTree = BUILT_PRODUCTS_DIR; };
/* End PBXFileReference section */

/* Begin PBXFileSystemSynchronizedBuildFileExceptionSet section */
		B51551E32F87D0DD005CC1D3 /* Exceptions for "CoveWidget" folder in "CoveWidgetExtension" target */ = {
			isa = PBXFileSystemSynchronizedBuildFileExceptionSet;
			membershipExceptions = (
				Info.plist,
			);
			target = B51551CC2F87D0DB005CC1D3 /* CoveWidgetExtension */;
		};
		B5FDE42F2F83AA9F00F54FAA /* Exceptions for "Cove" folder in "Cove" target */ = {
			isa = PBXFileSystemSynchronizedBuildFileExceptionSet;
			membershipExceptions = (
				Info.plist,
			);
			target = B53D7B9E2F823DC20023368C /* Cove */;
		};
/* End PBXFileSystemSynchronizedBuildFileExceptionSet section */

/* Begin PBXFileSystemSynchronizedRootGroup section */
		B51551D32F87D0DB005CC1D3 /* CoveWidget */ = {
			isa = PBXFileSystemSynchronizedRootGroup;
			exceptions = (
				B51551E32F87D0DD005CC1D3 /* Exceptions for "CoveWidget" folder in "CoveWidgetExtension" target */,
			);
			path = CoveWidget;
			sourceTree = "<group>";
		};
		B53D7BA12F823DC20023368C /* Cove */ = {
			isa = PBXFileSystemSynchronizedRootGroup;
			exceptions = (
				B5FDE42F2F83AA9F00F54FAA /* Exceptions for "Cove" folder in "Cove" target */,
			);
			path = Cove;
			sourceTree = "<group>";
		};
/* End PBXFileSystemSynchronizedRootGroup section */

/* Begin PBXFrameworksBuildPhase section */
		B51551CA2F87D0DB005CC1D3 /* Frameworks */ = {
			isa = PBXFrameworksBuildPhase;
			buildActionMask = 2147483647;
			files = (
				B51551D22F87D0DB005CC1D3 /* SwiftUI.framework in Frameworks */,
				B51551D02F87D0DB005CC1D3 /* WidgetKit.framework in Frameworks */,
				B51553F12F87EE3C005CC1D3 /* AppGroup in Frameworks */,
				B51551F02F87E000005CC1D3 /* AppIntents.framework in Frameworks */,
				B51553F52F87EE7C005CC1D3 /* JellyfinAPI in Frameworks */,
			);
			runOnlyForDeploymentPostprocessing = 0;
		};
		B53D7B9C2F823DC20023368C /* Frameworks */ = {
			isa = PBXFrameworksBuildPhase;
			buildActionMask = 2147483647;
			files = (
				B51553F32F87EE43005CC1D3 /* AppGroup in Frameworks */,
				C0000001AAAAAAAAAAAA0001 /* Models in Frameworks */,
				C0000001AAAAAAAAAAAA0002 /* MediaServerKit in Frameworks */,
				C0000001AAAAAAAAAAAA0003 /* JellyfinAPI in Frameworks */,
				B54F33112F8BD1B000AE95DA /* OpenSubtitlesAPI in Frameworks */,
				C0000001AAAAAAAAAAAA0004 /* JellyfinProvider in Frameworks */,
				B562FA252F98FACE002A6ACC /* Defaults in Frameworks */,
				C0000001AAAAAAAAAAAA0005 /* PlaybackEngine in Frameworks */,
				B56230832F88C06C00335A25 /* DataLoading in Frameworks */,
				C0000001AAAAAAAAAAAA0006 /* DownloadManager in Frameworks */,
				C0000001AAAAAAAAAAAA0007 /* Persistence in Frameworks */,
				C0000001AAAAAAAAAAAA0008 /* Networking in Frameworks */,
				C0000001AAAAAAAAAAAA0009 /* ImageService in Frameworks */,
				C0000001AAAAAAAAAAAA000A /* CoveUI in Frameworks */,
			);
			runOnlyForDeploymentPostprocessing = 0;
		};
/* End PBXFrameworksBuildPhase section */

/* Begin PBXGroup section */
		B51551CE2F87D0DB005CC1D3 /* Frameworks */ = {
			isa = PBXGroup;
			children = (
				B51551CF2F87D0DB005CC1D3 /* WidgetKit.framework */,
				B51551D12F87D0DB005CC1D3 /* SwiftUI.framework */,
				B51551EF2F87E000005CC1D3 /* AppIntents.framework */,
			);
			name = Frameworks;
			sourceTree = "<group>";
		};
		B53D7B962F823DC20023368C = {
			isa = PBXGroup;
			children = (
				B51551ED2F87D30F005CC1D3 /* CoveWidgetExtension.entitlements */,
				B53D7BA12F823DC20023368C /* Cove */,
				C0000003AAAAAAAAAAAA0001 /* Packages */,
				B51551D32F87D0DB005CC1D3 /* CoveWidget */,
				B51551CE2F87D0DB005CC1D3 /* Frameworks */,
				B53D7BA02F823DC20023368C /* Products */,
			);
			sourceTree = "<group>";
		};
		B53D7BA02F823DC20023368C /* Products */ = {
			isa = PBXGroup;
			children = (
				B53D7B9F2F823DC20023368C /* Cove.app */,
				B51551CD2F87D0DB005CC1D3 /* CoveWidgetExtension.appex */,
			);
			name = Products;
			sourceTree = "<group>";
		};
		C0000003AAAAAAAAAAAA0001 /* Packages */ = {
			isa = PBXGroup;
			children = (
			);
			name = Packages;
			sourceTree = "<group>";
		};
/* End PBXGroup section */

/* Begin PBXNativeTarget section */
		B51551CC2F87D0DB005CC1D3 /* CoveWidgetExtension */ = {
			isa = PBXNativeTarget;
			buildConfigurationList = B51551E02F87D0DD005CC1D3 /* Build configuration list for PBXNativeTarget "CoveWidgetExtension" */;
			buildPhases = (
				B51551C92F87D0DB005CC1D3 /* Sources */,
				B51551CA2F87D0DB005CC1D3 /* Frameworks */,
				B51551CB2F87D0DB005CC1D3 /* Resources */,
			);
			buildRules = (
			);
			dependencies = (
			);
			fileSystemSynchronizedGroups = (
				B51551D32F87D0DB005CC1D3 /* CoveWidget */,
			);
			name = CoveWidgetExtension;
			packageProductDependencies = (
				B51553F02F87EE3C005CC1D3 /* AppGroup */,
				B51553F42F87EE7C005CC1D3 /* JellyfinAPI */,
			);
			productName = CoveWidgetExtension;
			productReference = B51551CD2F87D0DB005CC1D3 /* CoveWidgetExtension.appex */;
			productType = "com.apple.product-type.app-extension";
		};
		B53D7B9E2F823DC20023368C /* Cove */ = {
			isa = PBXNativeTarget;
			buildConfigurationList = B53D7BAA2F823DC40023368C /* Build configuration list for PBXNativeTarget "Cove" */;
			buildPhases = (
				B53D7B9B2F823DC20023368C /* Sources */,
				B53D7B9C2F823DC20023368C /* Frameworks */,
				B53D7B9D2F823DC20023368C /* Resources */,
				B51551E42F87D0DD005CC1D3 /* Embed Foundation Extensions */,
			);
			buildRules = (
			);
			dependencies = (
				B51551DE2F87D0DD005CC1D3 /* PBXTargetDependency */,
			);
			fileSystemSynchronizedGroups = (
				B53D7BA12F823DC20023368C /* Cove */,
			);
			name = Cove;
			packageProductDependencies = (
				C0000002AAAAAAAAAAAA0001 /* Models */,
				C0000002AAAAAAAAAAAA0002 /* MediaServerKit */,
				C0000002AAAAAAAAAAAA0003 /* JellyfinAPI */,
				C0000002AAAAAAAAAAAA0004 /* JellyfinProvider */,
				C0000002AAAAAAAAAAAA0005 /* PlaybackEngine */,
				C0000002AAAAAAAAAAAA0006 /* DownloadManager */,
				C0000002AAAAAAAAAAAA0007 /* Persistence */,
				C0000002AAAAAAAAAAAA0008 /* Networking */,
				C0000002AAAAAAAAAAAA0009 /* ImageService */,
				C0000002AAAAAAAAAAAA000A /* CoveUI */,
				B51553F22F87EE43005CC1D3 /* AppGroup */,
				B56230822F88C06C00335A25 /* DataLoading */,
				B54F33102F8BD1B000AE95DA /* OpenSubtitlesAPI */,
				B562FA242F98FACE002A6ACC /* Defaults */,
			);
			productName = Cove;
			productReference = B53D7B9F2F823DC20023368C /* Cove.app */;
			productType = "com.apple.product-type.application";
		};
/* End PBXNativeTarget section */

/* Begin PBXProject section */
		B53D7B972F823DC20023368C /* Project object */ = {
			isa = PBXProject;
			attributes = {
				BuildIndependentTargetsInParallel = 1;
				LastSwiftUpdateCheck = 2640;
				LastUpgradeCheck = 2640;
				TargetAttributes = {
					B51551CC2F87D0DB005CC1D3 = {
						CreatedOnToolsVersion = 26.4;
					};
					B53D7B9E2F823DC20023368C = {
						CreatedOnToolsVersion = 26.4;
					};
				};
			};
			buildConfigurationList = B53D7B9A2F823DC20023368C /* Build configuration list for PBXProject "Cove" */;
			developmentRegion = en;
			hasScannedForEncodings = 0;
			knownRegions = (
				en,
				Base,
			);
			mainGroup = B53D7B962F823DC20023368C;
			minimizedProjectReferenceProxies = 1;
			packageReferences = (
				C0000004AAAAAAAAAAAA0001 /* XCLocalSwiftPackageReference "Packages/CoveKit" */,
				B562FA232F98FACE002A6ACC /* XCRemoteSwiftPackageReference "Defaults" */,
			);
			preferredProjectObjectVersion = 77;
			productRefGroup = B53D7BA02F823DC20023368C /* Products */;
			projectDirPath = "";
			projectRoot = "";
			targets = (
				B53D7B9E2F823DC20023368C /* Cove */,
				B51551CC2F87D0DB005CC1D3 /* CoveWidgetExtension */,
			);
		};
/* End PBXProject section */

/* Begin PBXResourcesBuildPhase section */
		B51551CB2F87D0DB005CC1D3 /* Resources */ = {
			isa = PBXResourcesBuildPhase;
			buildActionMask = 2147483647;
			files = (
			);
			runOnlyForDeploymentPostprocessing = 0;
		};
		B53D7B9D2F823DC20023368C /* Resources */ = {
			isa = PBXResourcesBuildPhase;
			buildActionMask = 2147483647;
			files = (
			);
			runOnlyForDeploymentPostprocessing = 0;
		};
/* End PBXResourcesBuildPhase section */

/* Begin PBXSourcesBuildPhase section */
		B51551C92F87D0DB005CC1D3 /* Sources */ = {
			isa = PBXSourcesBuildPhase;
			buildActionMask = 2147483647;
			files = (
			);
			runOnlyForDeploymentPostprocessing = 0;
		};
		B53D7B9B2F823DC20023368C /* Sources */ = {
			isa = PBXSourcesBuildPhase;
			buildActionMask = 2147483647;
			files = (
			);
			runOnlyForDeploymentPostprocessing = 0;
		};
/* End PBXSourcesBuildPhase section */

/* Begin PBXTargetDependency section */
		B51551DE2F87D0DD005CC1D3 /* PBXTargetDependency */ = {
			isa = PBXTargetDependency;
			target = B51551CC2F87D0DB005CC1D3 /* CoveWidgetExtension */;
			targetProxy = B51551DD2F87D0DD005CC1D3 /* PBXContainerItemProxy */;
		};
/* End PBXTargetDependency section */

/* Begin XCBuildConfiguration section */
		B51551E12F87D0DD005CC1D3 /* Debug */ = {
			isa = XCBuildConfiguration;
			buildSettings = {
				ASSETCATALOG_COMPILER_GLOBAL_ACCENT_COLOR_NAME = AccentColor;
				ASSETCATALOG_COMPILER_WIDGET_BACKGROUND_COLOR_NAME = WidgetBackground;
				CODE_SIGN_ENTITLEMENTS = CoveWidgetExtension.entitlements;
				CODE_SIGN_STYLE = Automatic;
				CURRENT_PROJECT_VERSION = 21;
				DEVELOPMENT_TEAM = YRQMPX5YW2;
				ENABLE_APP_SANDBOX = YES;
				ENABLE_HARDENED_RUNTIME = YES;
				GENERATE_INFOPLIST_FILE = YES;
				INFOPLIST_FILE = CoveWidget/Info.plist;
				INFOPLIST_KEY_CFBundleDisplayName = CoveWidget;
				INFOPLIST_KEY_NSHumanReadableCopyright = "";
				IPHONEOS_DEPLOYMENT_TARGET = 26.4;
				LD_RUNPATH_SEARCH_PATHS = (
					"$(inherited)",
					"@executable_path/Frameworks",
					"@executable_path/../../Frameworks",
				);
				"LD_RUNPATH_SEARCH_PATHS[sdk=macosx*]" = (
					"$(inherited)",
					"@executable_path/../Frameworks",
					"@executable_path/../../../../Frameworks",
				);
				MACOSX_DEPLOYMENT_TARGET = 26.4;
				MARKETING_VERSION = 1.0.0;
				PRODUCT_BUNDLE_IDENTIFIER = com.nikolajjsj.cove.CoveWidget;
				PRODUCT_NAME = "$(TARGET_NAME)";
				REGISTER_APP_GROUPS = YES;
				SDKROOT = auto;
				SKIP_INSTALL = YES;
				STRING_CATALOG_GENERATE_SYMBOLS = YES;
				SUPPORTED_PLATFORMS = "iphoneos iphonesimulator macosx xros xrsimulator";
				SWIFT_APPROACHABLE_CONCURRENCY = YES;
				SWIFT_EMIT_LOC_STRINGS = YES;
				SWIFT_UPCOMING_FEATURE_MEMBER_IMPORT_VISIBILITY = YES;
				SWIFT_VERSION = 5.0;
				TARGETED_DEVICE_FAMILY = "1,2,7";
				XROS_DEPLOYMENT_TARGET = 26.4;
			};
			name = Debug;
		};
		B51551E22F87D0DD005CC1D3 /* Release */ = {
			isa = XCBuildConfiguration;
			buildSettings = {
				ASSETCATALOG_COMPILER_GLOBAL_ACCENT_COLOR_NAME = AccentColor;
				ASSETCATALOG_COMPILER_WIDGET_BACKGROUND_COLOR_NAME = WidgetBackground;
				CODE_SIGN_ENTITLEMENTS = CoveWidgetExtension.entitlements;
				CODE_SIGN_STYLE = Automatic;
				CURRENT_PROJECT_VERSION = 21;
				DEVELOPMENT_TEAM = YRQMPX5YW2;
				ENABLE_APP_SANDBOX = YES;
				ENABLE_HARDENED_RUNTIME = YES;
				GENERATE_INFOPLIST_FILE = YES;
				INFOPLIST_FILE = CoveWidget/Info.plist;
				INFOPLIST_KEY_CFBundleDisplayName = CoveWidget;
				INFOPLIST_KEY_NSHumanReadableCopyright = "";
				IPHONEOS_DEPLOYMENT_TARGET = 26.4;
				LD_RUNPATH_SEARCH_PATHS = (
					"$(inherited)",
					"@executable_path/Frameworks",
					"@executable_path/../../Frameworks",
				);
				"LD_RUNPATH_SEARCH_PATHS[sdk=macosx*]" = (
					"$(inherited)",
					"@executable_path/../Frameworks",
					"@executable_path/../../../../Frameworks",
				);
				MACOSX_DEPLOYMENT_TARGET = 26.4;
				MARKETING_VERSION = 1.0.0;
				PRODUCT_BUNDLE_IDENTIFIER = com.nikolajjsj.cove.CoveWidget;
				PRODUCT_NAME = "$(TARGET_NAME)";
				REGISTER_APP_GROUPS = YES;
				SDKROOT = auto;
				SKIP_INSTALL = YES;
				STRING_CATALOG_GENERATE_SYMBOLS = YES;
				SUPPORTED_PLATFORMS = "iphoneos iphonesimulator macosx xros xrsimulator";
				SWIFT_APPROACHABLE_CONCURRENCY = YES;
				SWIFT_EMIT_LOC_STRINGS = YES;
				SWIFT_UPCOMING_FEATURE_MEMBER_IMPORT_VISIBILITY = YES;
				SWIFT_VERSION = 5.0;
				TARGETED_DEVICE_FAMILY = "1,2,7";
				XROS_DEPLOYMENT_TARGET = 26.4;
			};
			name = Release;
		};
		B53D7BA82F823DC40023368C /* Debug */ = {
			isa = XCBuildConfiguration;
			buildSettings = {
				ALWAYS_SEARCH_USER_PATHS = NO;
				ASSETCATALOG_COMPILER_GENERATE_SWIFT_ASSET_SYMBOL_EXTENSIONS = YES;
				CLANG_ANALYZER_NONNULL = YES;
				CLANG_ANALYZER_NUMBER_OBJECT_CONVERSION = YES_AGGRESSIVE;
				CLANG_CXX_LANGUAGE_STANDARD = "gnu++20";
				CLANG_ENABLE_MODULES = YES;
				CLANG_ENABLE_OBJC_ARC = YES;
				CLANG_ENABLE_OBJC_WEAK = YES;
				CLANG_WARN_BLOCK_CAPTURE_AUTORELEASING = YES;
				CLANG_WARN_BOOL_CONVERSION = YES;
				CLANG_WARN_COMMA = YES;
				CLANG_WARN_CONSTANT_CONVERSION = YES;
				CLANG_WARN_DEPRECATED_OBJC_IMPLEMENTATIONS = YES;
				CLANG_WARN_DIRECT_OBJC_ISA_USAGE = YES_ERROR;
				CLANG_WARN_DOCUMENTATION_COMMENTS = YES;
				CLANG_WARN_EMPTY_BODY = YES;
				CLANG_WARN_ENUM_CONVERSION = YES;
				CLANG_WARN_INFINITE_RECURSION = YES;
				CLANG_WARN_INT_CONVERSION = YES;
				CLANG_WARN_NON_LITERAL_NULL_CONVERSION = YES;
				CLANG_WARN_OBJC_IMPLICIT_RETAIN_SELF = YES;
				CLANG_WARN_OBJC_LITERAL_CONVERSION = YES;
				CLANG_WARN_OBJC_ROOT_CLASS = YES_ERROR;
				CLANG_WARN_QUOTED_INCLUDE_IN_FRAMEWORK_HEADER = YES;
				CLANG_WARN_RANGE_LOOP_ANALYSIS = YES;
				CLANG_WARN_STRICT_PROTOTYPES = YES;
				CLANG_WARN_SUSPICIOUS_MOVE = YES;
				CLANG_WARN_UNGUARDED_AVAILABILITY = YES_AGGRESSIVE;
				CLANG_WARN_UNREACHABLE_CODE = YES;
				CLANG_WARN__DUPLICATE_METHOD_MATCH = YES;
				COPY_PHASE_STRIP = NO;
				DEBUG_INFORMATION_FORMAT = dwarf;
				DEVELOPMENT_TEAM = YRQMPX5YW2;
				ENABLE_STRICT_OBJC_MSGSEND = YES;
				ENABLE_TESTABILITY = YES;
				ENABLE_USER_SCRIPT_SANDBOXING = YES;
				GCC_C_LANGUAGE_STANDARD = gnu17;
				GCC_DYNAMIC_NO_PIC = NO;
				GCC_NO_COMMON_BLOCKS = YES;
				GCC_OPTIMIZATION_LEVEL = 0;
				GCC_PREPROCESSOR_DEFINITIONS = (
					"DEBUG=1",
					"$(inherited)",
				);
				GCC_WARN_64_TO_32_BIT_CONVERSION = YES;
				GCC_WARN_ABOUT_RETURN_TYPE = YES_ERROR;
				GCC_WARN_UNDECLARED_SELECTOR = YES;
				GCC_WARN_UNINITIALIZED_AUTOS = YES_AGGRESSIVE;
				GCC_WARN_UNUSED_FUNCTION = YES;
				GCC_WARN_UNUSED_VARIABLE = YES;
				LOCALIZATION_PREFERS_STRING_CATALOGS = YES;
				MTL_ENABLE_DEBUG_INFO = INCLUDE_SOURCE;
				MTL_FAST_MATH = YES;
				ONLY_ACTIVE_ARCH = YES;
				SWIFT_ACTIVE_COMPILATION_CONDITIONS = "DEBUG $(inherited)";
				SWIFT_OPTIMIZATION_LEVEL = "-Onone";
			};
			name = Debug;
		};
		B53D7BA92F823DC40023368C /* Release */ = {
			isa = XCBuildConfiguration;
			buildSettings = {
				ALWAYS_SEARCH_USER_PATHS = NO;
				ASSETCATALOG_COMPILER_GENERATE_SWIFT_ASSET_SYMBOL_EXTENSIONS = YES;
				CLANG_ANALYZER_NONNULL = YES;
				CLANG_ANALYZER_NUMBER_OBJECT_CONVERSION = YES_AGGRESSIVE;
				CLANG_CXX_LANGUAGE_STANDARD = "gnu++20";
				CLANG_ENABLE_MODULES = YES;
				CLANG_ENABLE_OBJC_ARC = YES;
				CLANG_ENABLE_OBJC_WEAK = YES;
				CLANG_WARN_BLOCK_CAPTURE_AUTORELEASING = YES;
				CLANG_WARN_BOOL_CONVERSION = YES;
				CLANG_WARN_COMMA = YES;
				CLANG_WARN_CONSTANT_CONVERSION = YES;
				CLANG_WARN_DEPRECATED_OBJC_IMPLEMENTATIONS = YES;
				CLANG_WARN_DIRECT_OBJC_ISA_USAGE = YES_ERROR;
				CLANG_WARN_DOCUMENTATION_COMMENTS = YES;
				CLANG_WARN_EMPTY_BODY = YES;
				CLANG_WARN_ENUM_CONVERSION = YES;
				CLANG_WARN_INFINITE_RECURSION = YES;
				CLANG_WARN_INT_CONVERSION = YES;
				CLANG_WARN_NON_LITERAL_NULL_CONVERSION = YES;
				CLANG_WARN_OBJC_IMPLICIT_RETAIN_SELF = YES;
				CLANG_WARN_OBJC_LITERAL_CONVERSION = YES;
				CLANG_WARN_OBJC_ROOT_CLASS = YES_ERROR;
				CLANG_WARN_QUOTED_INCLUDE_IN_FRAMEWORK_HEADER = YES;
				CLANG_WARN_RANGE_LOOP_ANALYSIS = YES;
				CLANG_WARN_STRICT_PROTOTYPES = YES;
				CLANG_WARN_SUSPICIOUS_MOVE = YES;
				CLANG_WARN_UNGUARDED_AVAILABILITY = YES_AGGRESSIVE;
				CLANG_WARN_UNREACHABLE_CODE = YES;
				CLANG_WARN__DUPLICATE_METHOD_MATCH = YES;
				COPY_PHASE_STRIP = NO;
				DEBUG_INFORMATION_FORMAT = "dwarf-with-dsym";
				DEVELOPMENT_TEAM = YRQMPX5YW2;
				ENABLE_NS_ASSERTIONS = NO;
				ENABLE_STRICT_OBJC_MSGSEND = YES;
				ENABLE_USER_SCRIPT_SANDBOXING = YES;
				GCC_C_LANGUAGE_STANDARD = gnu17;
				GCC_NO_COMMON_BLOCKS = YES;
				GCC_WARN_64_TO_32_BIT_CONVERSION = YES;
				GCC_WARN_ABOUT_RETURN_TYPE = YES_ERROR;
				GCC_WARN_UNDECLARED_SELECTOR = YES;
				GCC_WARN_UNINITIALIZED_AUTOS = YES_AGGRESSIVE;
				GCC_WARN_UNUSED_FUNCTION = YES;
				GCC_WARN_UNUSED_VARIABLE = YES;
				LOCALIZATION_PREFERS_STRING_CATALOGS = YES;
				MTL_ENABLE_DEBUG_INFO = NO;
				MTL_FAST_MATH = YES;
				SWIFT_COMPILATION_MODE = wholemodule;
			};
			name = Release;
		};
		B53D7BAB2F823DC40023368C /* Debug */ = {
			isa = XCBuildConfiguration;
			buildSettings = {
				ASSETCATALOG_COMPILER_APPICON_NAME = AppIcon;
				ASSETCATALOG_COMPILER_GLOBAL_ACCENT_COLOR_NAME = AccentColor;
				CODE_SIGN_ENTITLEMENTS = Cove/Cove.entitlements;
				CODE_SIGN_STYLE = Automatic;
				CURRENT_PROJECT_VERSION = 21;
				DEVELOPMENT_TEAM = YRQMPX5YW2;
				ENABLE_APP_SANDBOX = YES;
				ENABLE_HARDENED_RUNTIME = YES;
				ENABLE_PREVIEWS = YES;
				ENABLE_USER_SELECTED_FILES = readonly;
				GENERATE_INFOPLIST_FILE = YES;
				INFOPLIST_FILE = Cove/Info.plist;
				INFOPLIST_KEY_CFBundleDisplayName = Cove;
				INFOPLIST_KEY_LSApplicationCategoryType = "public.app-category.entertainment";
				"INFOPLIST_KEY_UIApplicationSceneManifest_Generation[sdk=iphoneos*]" = YES;
				"INFOPLIST_KEY_UIApplicationSceneManifest_Generation[sdk=iphonesimulator*]" = YES;
				"INFOPLIST_KEY_UIApplicationSupportsIndirectInputEvents[sdk=iphoneos*]" = YES;
				"INFOPLIST_KEY_UIApplicationSupportsIndirectInputEvents[sdk=iphonesimulator*]" = YES;
				INFOPLIST_KEY_UIBackgroundModes = audio;
				"INFOPLIST_KEY_UILaunchScreen_Generation[sdk=iphoneos*]" = YES;
				"INFOPLIST_KEY_UILaunchScreen_Generation[sdk=iphonesimulator*]" = YES;
				"INFOPLIST_KEY_UIStatusBarStyle[sdk=iphoneos*]" = UIStatusBarStyleDefault;
				"INFOPLIST_KEY_UIStatusBarStyle[sdk=iphonesimulator*]" = UIStatusBarStyleDefault;
				INFOPLIST_KEY_UISupportedInterfaceOrientations_iPad = "UIInterfaceOrientationPortrait UIInterfaceOrientationPortraitUpsideDown UIInterfaceOrientationLandscapeLeft UIInterfaceOrientationLandscapeRight";
				INFOPLIST_KEY_UISupportedInterfaceOrientations_iPhone = "UIInterfaceOrientationPortrait UIInterfaceOrientationLandscapeLeft UIInterfaceOrientationLandscapeRight";
				IPHONEOS_DEPLOYMENT_TARGET = 26.4;
				LD_RUNPATH_SEARCH_PATHS = "@executable_path/Frameworks";
				"LD_RUNPATH_SEARCH_PATHS[sdk=macosx*]" = "@executable_path/../Frameworks";
				MACOSX_DEPLOYMENT_TARGET = 26.4;
				MARKETING_VERSION = 1.0.0;
				PRODUCT_BUNDLE_IDENTIFIER = com.nikolajjsj.cove;
				PRODUCT_NAME = "$(TARGET_NAME)";
				REGISTER_APP_GROUPS = YES;
				SDKROOT = auto;
				STRING_CATALOG_GENERATE_SYMBOLS = YES;
				SUPPORTED_PLATFORMS = "iphoneos iphonesimulator macosx xros xrsimulator";
				SWIFT_APPROACHABLE_CONCURRENCY = YES;
				SWIFT_DEFAULT_ACTOR_ISOLATION = MainActor;
				SWIFT_EMIT_LOC_STRINGS = YES;
				SWIFT_UPCOMING_FEATURE_MEMBER_IMPORT_VISIBILITY = YES;
				SWIFT_VERSION = 5.0;
				TARGETED_DEVICE_FAMILY = "1,2,7";
				XROS_DEPLOYMENT_TARGET = 26.4;
			};
			name = Debug;
		};
		B53D7BAC2F823DC40023368C /* Release */ = {
			isa = XCBuildConfiguration;
			buildSettings = {
				ASSETCATALOG_COMPILER_APPICON_NAME = AppIcon;
				ASSETCATALOG_COMPILER_GLOBAL_ACCENT_COLOR_NAME = AccentColor;
				CODE_SIGN_ENTITLEMENTS = Cove/Cove.entitlements;
				CODE_SIGN_STYLE = Automatic;
				CURRENT_PROJECT_VERSION = 21;
				DEVELOPMENT_TEAM = YRQMPX5YW2;
				ENABLE_APP_SANDBOX = YES;
				ENABLE_HARDENED_RUNTIME = YES;
				ENABLE_PREVIEWS = YES;
				ENABLE_USER_SELECTED_FILES = readonly;
				GENERATE_INFOPLIST_FILE = YES;
				INFOPLIST_FILE = Cove/Info.plist;
				INFOPLIST_KEY_CFBundleDisplayName = Cove;
				INFOPLIST_KEY_LSApplicationCategoryType = "public.app-category.entertainment";
				"INFOPLIST_KEY_UIApplicationSceneManifest_Generation[sdk=iphoneos*]" = YES;
				"INFOPLIST_KEY_UIApplicationSceneManifest_Generation[sdk=iphonesimulator*]" = YES;
				"INFOPLIST_KEY_UIApplicationSupportsIndirectInputEvents[sdk=iphoneos*]" = YES;
				"INFOPLIST_KEY_UIApplicationSupportsIndirectInputEvents[sdk=iphonesimulator*]" = YES;
				INFOPLIST_KEY_UIBackgroundModes = audio;
				"INFOPLIST_KEY_UILaunchScreen_Generation[sdk=iphoneos*]" = YES;
				"INFOPLIST_KEY_UILaunchScreen_Generation[sdk=iphonesimulator*]" = YES;
				"INFOPLIST_KEY_UIStatusBarStyle[sdk=iphoneos*]" = UIStatusBarStyleDefault;
				"INFOPLIST_KEY_UIStatusBarStyle[sdk=iphonesimulator*]" = UIStatusBarStyleDefault;
				INFOPLIST_KEY_UISupportedInterfaceOrientations_iPad = "UIInterfaceOrientationPortrait UIInterfaceOrientationPortraitUpsideDown UIInterfaceOrientationLandscapeLeft UIInterfaceOrientationLandscapeRight";
				INFOPLIST_KEY_UISupportedInterfaceOrientations_iPhone = "UIInterfaceOrientationPortrait UIInterfaceOrientationLandscapeLeft UIInterfaceOrientationLandscapeRight";
				IPHONEOS_DEPLOYMENT_TARGET = 26.4;
				LD_RUNPATH_SEARCH_PATHS = "@executable_path/Frameworks";
				"LD_RUNPATH_SEARCH_PATHS[sdk=macosx*]" = "@executable_path/../Frameworks";
				MACOSX_DEPLOYMENT_TARGET = 26.4;
				MARKETING_VERSION = 1.0.0;
				PRODUCT_BUNDLE_IDENTIFIER = com.nikolajjsj.cove;
				PRODUCT_NAME = "$(TARGET_NAME)";
				REGISTER_APP_GROUPS = YES;
				SDKROOT = auto;
				STRING_CATALOG_GENERATE_SYMBOLS = YES;
				SUPPORTED_PLATFORMS = "iphoneos iphonesimulator macosx xros xrsimulator";
				SWIFT_APPROACHABLE_CONCURRENCY = YES;
				SWIFT_DEFAULT_ACTOR_ISOLATION = MainActor;
				SWIFT_EMIT_LOC_STRINGS = YES;
				SWIFT_UPCOMING_FEATURE_MEMBER_IMPORT_VISIBILITY = YES;
				SWIFT_VERSION = 5.0;
				TARGETED_DEVICE_FAMILY = "1,2,7";
				XROS_DEPLOYMENT_TARGET = 26.4;
			};
			name = Release;
		};
/* End XCBuildConfiguration section */

/* Begin XCConfigurationList section */
		B51551E02F87D0DD005CC1D3 /* Build configuration list for PBXNativeTarget "CoveWidgetExtension" */ = {
			isa = XCConfigurationList;
			buildConfigurations = (
				B51551E12F87D0DD005CC1D3 /* Debug */,
				B51551E22F87D0DD005CC1D3 /* Release */,
			);
			defaultConfigurationIsVisible = 0;
			defaultConfigurationName = Release;
		};
		B53D7B9A2F823DC20023368C /* Build configuration list for PBXProject "Cove" */ = {
			isa = XCConfigurationList;
			buildConfigurations = (
				B53D7BA82F823DC40023368C /* Debug */,
				B53D7BA92F823DC40023368C /* Release */,
			);
			defaultConfigurationIsVisible = 0;
			defaultConfigurationName = Release;
		};
		B53D7BAA2F823DC40023368C /* Build configuration list for PBXNativeTarget "Cove" */ = {
			isa = XCConfigurationList;
			buildConfigurations = (
				B53D7BAB2F823DC40023368C /* Debug */,
				B53D7BAC2F823DC40023368C /* Release */,
			);
			defaultConfigurationIsVisible = 0;
			defaultConfigurationName = Release;
		};
/* End XCConfigurationList section */

/* Begin XCLocalSwiftPackageReference section */
		C0000004AAAAAAAAAAAA0001 /* XCLocalSwiftPackageReference "Packages/CoveKit" */ = {
			isa = XCLocalSwiftPackageReference;
			relativePath = Packages/CoveKit;
		};
/* End XCLocalSwiftPackageReference section */

/* Begin XCRemoteSwiftPackageReference section */
		B562FA232F98FACE002A6ACC /* XCRemoteSwiftPackageReference "Defaults" */ = {
			isa = XCRemoteSwiftPackageReference;
			repositoryURL = "https://github.com/sindresorhus/Defaults";
			requirement = {
				kind = upToNextMajorVersion;
				minimumVersion = 9.0.8;
			};
		};
/* End XCRemoteSwiftPackageReference section */

/* Begin XCSwiftPackageProductDependency section */
		B51553F02F87EE3C005CC1D3 /* AppGroup */ = {
			isa = XCSwiftPackageProductDependency;
			package = C0000004AAAAAAAAAAAA0001 /* XCLocalSwiftPackageReference "Packages/CoveKit" */;
			productName = AppGroup;
		};
		B51553F22F87EE43005CC1D3 /* AppGroup */ = {
			isa = XCSwiftPackageProductDependency;
			package = C0000004AAAAAAAAAAAA0001 /* XCLocalSwiftPackageReference "Packages/CoveKit" */;
			productName = AppGroup;
		};
		B51553F42F87EE7C005CC1D3 /* JellyfinAPI */ = {
			isa = XCSwiftPackageProductDependency;
			package = C0000004AAAAAAAAAAAA0001 /* XCLocalSwiftPackageReference "Packages/CoveKit" */;
			productName = JellyfinAPI;
		};
		B54F33102F8BD1B000AE95DA /* OpenSubtitlesAPI */ = {
			isa = XCSwiftPackageProductDependency;
			package = C0000004AAAAAAAAAAAA0001 /* XCLocalSwiftPackageReference "Packages/CoveKit" */;
			productName = OpenSubtitlesAPI;
		};
		B56230822F88C06C00335A25 /* DataLoading */ = {
			isa = XCSwiftPackageProductDependency;
			package = C0000004AAAAAAAAAAAA0001 /* XCLocalSwiftPackageReference "Packages/CoveKit" */;
			productName = DataLoading;
		};
		B562FA242F98FACE002A6ACC /* Defaults */ = {
			isa = XCSwiftPackageProductDependency;
			package = B562FA232F98FACE002A6ACC /* XCRemoteSwiftPackageReference "Defaults" */;
			productName = Defaults;
		};
		C0000002AAAAAAAAAAAA0001 /* Models */ = {
			isa = XCSwiftPackageProductDependency;
			productName = Models;
		};
		C0000002AAAAAAAAAAAA0002 /* MediaServerKit */ = {
			isa = XCSwiftPackageProductDependency;
			productName = MediaServerKit;
		};
		C0000002AAAAAAAAAAAA0003 /* JellyfinAPI */ = {
			isa = XCSwiftPackageProductDependency;
			productName = JellyfinAPI;
		};
		C0000002AAAAAAAAAAAA0004 /* JellyfinProvider */ = {
			isa = XCSwiftPackageProductDependency;
			productName = JellyfinProvider;
		};
		C0000002AAAAAAAAAAAA0005 /* PlaybackEngine */ = {
			isa = XCSwiftPackageProductDependency;
			productName = PlaybackEngine;
		};
		C0000002AAAAAAAAAAAA0006 /* DownloadManager */ = {
			isa = XCSwiftPackageProductDependency;
			productName = DownloadManager;
		};
		C0000002AAAAAAAAAAAA0007 /* Persistence */ = {
			isa = XCSwiftPackageProductDependency;
			productName = Persistence;
		};
		C0000002AAAAAAAAAAAA0008 /* Networking */ = {
			isa = XCSwiftPackageProductDependency;
			productName = Networking;
		};
		C0000002AAAAAAAAAAAA0009 /* ImageService */ = {
			isa = XCSwiftPackageProductDependency;
			productName = ImageService;
		};
		C0000002AAAAAAAAAAAA000A /* CoveUI */ = {
			isa = XCSwiftPackageProductDependency;
			productName = CoveUI;
		};
/* End XCSwiftPackageProductDependency section */
	};
	rootObject = B53D7B972F823DC20023368C /* Project object */;
}
